
Microsoft Visual Studio Solution File, Format Version 12.00
# Visual Studio 15
VisualStudioVersion = 15.0.27004.2002
MinimumVisualStudioVersion = 10.0.40219.1
Project("{2150E333-8FDC-42A3-9474-1A3956D46DE8}") = "Article", "Article", "{8C34CEDC-B5FB-42FD-A408-B0EA599AFBB8}"
	ProjectSection(SolutionItems) = preProject
		Article\resourcelibdotnet.html = Article\resourcelibdotnet.html
	EndProjectSection
EndProject
Project("{2150E333-8FDC-42A3-9474-1A3956D46DE8}") = "Build", "Build", "{D703E923-FE2E-4B4D-B67F-55BC8E4D52CD}"
	ProjectSection(SolutionItems) = preProject
		build.cmd = build.cmd
		ResourceLib.proj = ResourceLib.proj
		Version.proj = Version.proj
	EndProjectSection
EndProject
Project("{2150E333-8FDC-42A3-9474-1A3956D46DE8}") = "Documentation", "Documentation", "{AD64D826-875E-44FB-8DC4-95E2D37CC0BE}"
	ProjectSection(SolutionItems) = preProject
		CHANGELOG.md = CHANGELOG.md
		LICENSE = LICENSE
		README.md = README.md
	EndProjectSection
EndProject
Project("{2150E333-8FDC-42A3-9474-1A3956D46DE8}") = "Content", "Content", "{642C46FF-FC48-496B-9C03-E48B91A8EBAB}"
	ProjectSection(SolutionItems) = preProject
		Docs\Accelerator.md = Docs\Accelerator.md
		Docs\Bitmap.md = Docs\Bitmap.md
		Docs\Contributing.md = Docs\Contributing.md
		Docs\Cursor.md = Docs\Cursor.md
		Docs\Dialog.md = Docs\Dialog.md
		Docs\Font.md = Docs\Font.md
		Docs\Icon.md = Docs\Icon.md
		Docs\Manifest.md = Docs\Manifest.md
		Docs\Menu.md = Docs\Menu.md
		Docs\String.md = Docs\String.md
		Docs\Version.md = Docs\Version.md
	EndProjectSection
EndProject
Project("{FAE04EC0-301F-11D3-BF4B-00C04F79EFBC}") = "ResourceLib", "Source\ResourceLib\ResourceLib.csproj", "{AC9AF16F-7BF8-4400-95DE-6BC6CA53181E}"
	ProjectSection(ProjectDependencies) = postProject
		{1DA8F5AA-2EE1-4204-A72F-0373BF541395} = {1DA8F5AA-2EE1-4204-A72F-0373BF541395}
	EndProjectSection
EndProject
Project("{FAE04EC0-301F-11D3-BF4B-00C04F79EFBC}") = "ResourceLibUnitTests", "Source\ResourceLibUnitTests\ResourceLibUnitTests.csproj", "{523467E0-EE78-463F-ADC7-00CB0A9AB2A2}"
	ProjectSection(ProjectDependencies) = postProject
		{1DA8F5AA-2EE1-4204-A72F-0373BF541395} = {1DA8F5AA-2EE1-4204-A72F-0373BF541395}
	EndProjectSection
EndProject
Project("{FAE04EC0-301F-11D3-BF4B-00C04F79EFBC}") = "Version", "Source\Version\Version.csproj", "{1DA8F5AA-2EE1-4204-A72F-0373BF541395}"
EndProject
Project("{9A19103F-16F7-4668-BE54-9A1E7A4F7556}") = "ResourceLib.NetStandard", "Source\ResourceLib.NetStandard\ResourceLib.NetStandard.csproj", "{D8C9B63F-3E2F-4993-A420-BF30BA51DB68}"
EndProject
Project("{9A19103F-16F7-4668-BE54-9A1E7A4F7556}") = "ResourceLibUnitTests.NetStandard", "Source\ResourceLibUnitTests.NetStandard\ResourceLibUnitTests.NetStandard.csproj", "{317A8F67-542E-49BB-A257-EA053B10960C}"
EndProject
Global
	GlobalSection(SolutionConfigurationPlatforms) = preSolution
		Debug|Any CPU = Debug|Any CPU
		Release|Any CPU = Release|Any CPU
	EndGlobalSection
	GlobalSection(ProjectConfigurationPlatforms) = postSolution
		{AC9AF16F-7BF8-4400-95DE-6BC6CA53181E}.Debug|Any CPU.ActiveCfg = Debug|Any CPU
		{AC9AF16F-7BF8-4400-95DE-6BC6CA53181E}.Debug|Any CPU.Build.0 = Debug|Any CPU
		{AC9AF16F-7BF8-4400-95DE-6BC6CA53181E}.Release|Any CPU.ActiveCfg = Release|Any CPU
		{AC9AF16F-7BF8-4400-95DE-6BC6CA53181E}.Release|Any CPU.Build.0 = Release|Any CPU
		{523467E0-EE78-463F-ADC7-00CB0A9AB2A2}.Debug|Any CPU.ActiveCfg = Debug|Any CPU
		{523467E0-EE78-463F-ADC7-00CB0A9AB2A2}.Debug|Any CPU.Build.0 = Debug|Any CPU
		{523467E0-EE78-463F-ADC7-00CB0A9AB2A2}.Release|Any CPU.ActiveCfg = Release|Any CPU
		{523467E0-EE78-463F-ADC7-00CB0A9AB2A2}.Release|Any CPU.Build.0 = Release|Any CPU
		{1DA8F5AA-2EE1-4204-A72F-0373BF541395}.Debug|Any CPU.ActiveCfg = Debug|Any CPU
		{1DA8F5AA-2EE1-4204-A72F-0373BF541395}.Debug|Any CPU.Build.0 = Debug|Any CPU
		{1DA8F5AA-2EE1-4204-A72F-0373BF541395}.Release|Any CPU.ActiveCfg = Release|Any CPU
		{1DA8F5AA-2EE1-4204-A72F-0373BF541395}.Release|Any CPU.Build.0 = Release|Any CPU
		{D8C9B63F-3E2F-4993-A420-BF30BA51DB68}.Debug|Any CPU.ActiveCfg = Debug|Any CPU
		{D8C9B63F-3E2F-4993-A420-BF30BA51DB68}.Debug|Any CPU.Build.0 = Debug|Any CPU
		{D8C9B63F-3E2F-4993-A420-BF30BA51DB68}.Release|Any CPU.ActiveCfg = Release|Any CPU
		{D8C9B63F-3E2F-4993-A420-BF30BA51DB68}.Release|Any CPU.Build.0 = Release|Any CPU
		{317A8F67-542E-49BB-A257-EA053B10960C}.Debug|Any CPU.ActiveCfg = Debug|Any CPU
		{317A8F67-542E-49BB-A257-EA053B10960C}.Debug|Any CPU.Build.0 = Debug|Any CPU
		{317A8F67-542E-49BB-A257-EA053B10960C}.Release|Any CPU.ActiveCfg = Release|Any CPU
		{317A8F67-542E-49BB-A257-EA053B10960C}.Release|Any CPU.Build.0 = Release|Any CPU
	EndGlobalSection
	GlobalSection(SolutionProperties) = preSolution
		HideSolutionNode = FALSE
	EndGlobalSection
	GlobalSection(NestedProjects) = preSolution
		{642C46FF-FC48-496B-9C03-E48B91A8EBAB} = {AD64D826-875E-44FB-8DC4-95E2D37CC0BE}
	EndGlobalSection
	GlobalSection(ExtensibilityGlobals) = postSolution
		SolutionGuid = {EC6D4F0B-5E13-49AB-AD90-AA676B9B6CD6}
	EndGlobalSection
EndGlobal
