
Microsoft Visual Studio Solution File, Format Version 9.00
# Visual Studio 2005
Project("{FAE04EC0-301F-11D3-BF4B-00C04F79EFBC}") = "ResourceLib", "ResourceLib\ResourceLib.csproj", "{AC9AF16F-7BF8-4400-95DE-6BC6CA53181E}"
	ProjectSection(WebsiteProperties) = preProject
		Debug.AspNetCompiler.Debug = "True"
		Release.AspNetCompiler.Debug = "False"
	EndProjectSection
EndProject
Project("{FAE04EC0-301F-11D3-BF4B-00C04F79EFBC}") = "ResourceLibUnitTests", "ResourceLibUnitTests\ResourceLibUnitTests.csproj", "{523467E0-EE78-463F-ADC7-00CB0A9AB2A2}"
	ProjectSection(WebsiteProperties) = preProject
		Debug.AspNetCompiler.Debug = "True"
		Release.AspNetCompiler.Debug = "False"
	EndProjectSection
EndProject
Global
	GlobalSection(SolutionConfigurationPlatforms) = preSolution
		Debug|Any CPU = Debug|Any CPU
		Release|Any CPU = Release|Any CPU
	EndGlobalSection
	GlobalSection(ProjectConfigurationPlatforms) = postSolution
		{AC9AF16F-7BF8-4400-95DE-6BC6CA53181E}.Debug|Any CPU.ActiveCfg = Debug|Any CPU
		{AC9AF16F-7BF8-4400-95DE-6BC6CA53181E}.Debug|Any CPU.Build.0 = Debug|Any CPU
		{AC9AF16F-7BF8-4400-95DE-6BC6CA53181E}.Release|Any CPU.ActiveCfg = Release|Any CPU
		{AC9AF16F-7BF8-4400-95DE-6BC6CA53181E}.Release|Any CPU.Build.0 = Release|Any CPU
		{523467E0-EE78-463F-ADC7-00CB0A9AB2A2}.Debug|Any CPU.ActiveCfg = Debug|Any CPU
		{523467E0-EE78-463F-ADC7-00CB0A9AB2A2}.Debug|Any CPU.Build.0 = Debug|Any CPU
		{523467E0-EE78-463F-ADC7-00CB0A9AB2A2}.Release|Any CPU.ActiveCfg = Release|Any CPU
		{523467E0-EE78-463F-ADC7-00CB0A9AB2A2}.Release|Any CPU.Build.0 = Release|Any CPU
	EndGlobalSection
	GlobalSection(SolutionProperties) = preSolution
		HideSolutionNode = FALSE
	EndGlobalSection
EndGlobal
